
Microsoft Visual Studio Solution File, Format Version 11.00
# Visual Studio 2010
Project("{FAE04EC0-301F-11D3-BF4B-00C04F79EFBC}") = "MatchCutes", "MatchCutes\MatchCutes\MatchCutes.csproj", "{EB0D4C87-C9D2-4421-8E83-3A9DA008F263}"
EndProject
Project("{96E2B04D-8817-42C6-938A-82C39BA4D311}") = "MatchCutesContent", "MatchCutes\MatchCutesContent\MatchCutesContent.contentproj", "{B714C408-1081-46C9-824B-397790CFDF31}"
EndProject
Global
	GlobalSection(SolutionConfigurationPlatforms) = preSolution
		Debug|x86 = Debug|x86
		Release|x86 = Release|x86
	EndGlobalSection
	GlobalSection(ProjectConfigurationPlatforms) = postSolution
		{EB0D4C87-C9D2-4421-8E83-3A9DA008F263}.Debug|x86.ActiveCfg = Debug|x86
		{EB0D4C87-C9D2-4421-8E83-3A9DA008F263}.Debug|x86.Build.0 = Debug|x86
		{EB0D4C87-C9D2-4421-8E83-3A9DA008F263}.Release|x86.ActiveCfg = Release|x86
		{EB0D4C87-C9D2-4421-8E83-3A9DA008F263}.Release|x86.Build.0 = Release|x86
		{B714C408-1081-46C9-824B-397790CFDF31}.Debug|x86.ActiveCfg = Debug|x86
		{B714C408-1081-46C9-824B-397790CFDF31}.Release|x86.ActiveCfg = Release|x86
	EndGlobalSection
	GlobalSection(SolutionProperties) = preSolution
		HideSolutionNode = FALSE
	EndGlobalSection
EndGlobal
